// !$*UTF8*$!
{
	archiveVersion = 1;
	classes = {
	};
	objectVersion = 50;
	objects = {

/* Begin PBXBuildFile section */
		B08454E82547E38500D56ABF /* AppDelegate.swift in Sources */ = {isa = PBXBuildFile; fileRef = B08454E72547E38500D56ABF /* AppDelegate.swift */; };
		B08454EA2547E38500D56ABF /* SceneDelegate.swift in Sources */ = {isa = PBXBuildFile; fileRef = B08454E92547E38500D56ABF /* SceneDelegate.swift */; };
		B08454EC2547E38500D56ABF /* ViewController.swift in Sources */ = {isa = PBXBuildFile; fileRef = B08454EB2547E38500D56ABF /* ViewController.swift */; };
		B08454EF2547E38500D56ABF /* Main.storyboard in Resources */ = {isa = PBXBuildFile; fileRef = B08454ED2547E38500D56ABF /* Main.storyboard */; };
		B08454F12547E38A00D56ABF /* Assets.xcassets in Resources */ = {isa = PBXBuildFile; fileRef = B08454F02547E38A00D56ABF /* Assets.xcassets */; };
		B08454F42547E38A00D56ABF /* LaunchScreen.storyboard in Resources */ = {isa = PBXBuildFile; fileRef = B08454F22547E38A00D56ABF /* LaunchScreen.storyboard */; };
		B08455012547E3FE00D56ABF /* SafeArrayModel.swift in Sources */ = {isa = PBXBuildFile; fileRef = B08455002547E3FE00D56ABF /* SafeArrayModel.swift */; };
/* End PBXBuildFile section */

/* Begin PBXFileReference section */
		B08454E42547E38500D56ABF /* Homework__2.app */ = {isa = PBXFileReference; explicitFileType = wrapper.application; includeInIndex = 0; path = Homework__2.app; sourceTree = BUILT_PRODUCTS_DIR; };
		B08454E72547E38500D56ABF /* AppDelegate.swift */ = {isa = PBXFileReference; lastKnownFileType = sourcecode.swift; path = AppDelegate.swift; sourceTree = "<group>"; };
		B08454E92547E38500D56ABF /* SceneDelegate.swift */ = {isa = PBXFileReference; lastKnownFileType = sourcecode.swift; path = SceneDelegate.swift; sourceTree = "<group>"; };
		B08454EB2547E38500D56ABF /* ViewController.swift */ = {isa = PBXFileReference; lastKnownFileType = sourcecode.swift; path = ViewController.swift; sourceTree = "<group>"; };
		B08454EE2547E38500D56ABF /* Base */ = {isa = PBXFileReference; lastKnownFileType = file.storyboard; name = Base; path = Base.lproj/Main.storyboard; sourceTree = "<group>"; };
		B08454F02547E38A00D56ABF /* Assets.xcassets */ = {isa = PBXFileReference; lastKnownFileType = folder.assetcatalog; path = Assets.xcassets; sourceTree = "<group>"; };
		B08454F32547E38A00D56ABF /* Base */ = {isa = PBXFileReference; lastKnownFileType = file.storyboard; name = Base; path = Base.lproj/LaunchScreen.storyboard; sourceTree = "<group>"; };
		B08454F52547E38A00D56ABF /* Info.plist */ = {isa = PBXFileReference; lastKnownFileType = text.plist.xml; path = Info.plist; sourceTree = "<group>"; };
		B08455002547E3FE00D56ABF /* SafeArrayModel.swift */ = {isa = PBXFileReference; lastKnownFileType = sourcecode.swift; path = SafeArrayModel.swift; sourceTree = "<group>"; };
/* End PBXFileReference section */

/* Begin PBXFrameworksBuildPhase section */
		B08454E12547E38500D56ABF /* Frameworks */ = {
			isa = PBXFrameworksBuildPhase;
			buildActionMask = 2147483647;
			files = (
			);
			runOnlyForDeploymentPostprocessing = 0;
		};
/* End PBXFrameworksBuildPhase section */

/* Begin PBXGroup section */
		B08454DB2547E38400D56ABF = {
			isa = PBXGroup;
			children = (
				B08454E62547E38500D56ABF /* Homework__2 */,
				B08454E52547E38500D56ABF /* Products */,
			);
			sourceTree = "<group>";
		};
		B08454E52547E38500D56ABF /* Products */ = {
			isa = PBXGroup;
			children = (
				B08454E42547E38500D56ABF /* Homework__2.app */,
			);
			name = Products;
			sourceTree = "<group>";
		};
		B08454E62547E38500D56ABF /* Homework__2 */ = {
			isa = PBXGroup;
			children = (
				B08454E72547E38500D56ABF /* AppDelegate.swift */,
				B08454E92547E38500D56ABF /* SceneDelegate.swift */,
				B08454EB2547E38500D56ABF /* ViewController.swift */,
				B08454ED2547E38500D56ABF /* Main.storyboard */,
				B08454F02547E38A00D56ABF /* Assets.xcassets */,
				B08454F22547E38A00D56ABF /* LaunchScreen.storyboard */,
				B08454F52547E38A00D56ABF /* Info.plist */,
				B08455002547E3FE00D56ABF /* SafeArrayModel.swift */,
			);
			path = Homework__2;
			sourceTree = "<group>";
		};
/* End PBXGroup section */

/* Begin PBXNativeTarget section */
		B08454E32547E38500D56ABF /* Homework__2 */ = {
			isa = PBXNativeTarget;
			buildConfigurationList = B08454F82547E38A00D56ABF /* Build configuration list for PBXNativeTarget "Homework__2" */;
			buildPhases = (
				B08454E02547E38500D56ABF /* Sources */,
				B08454E12547E38500D56ABF /* Frameworks */,
				B08454E22547E38500D56ABF /* Resources */,
			);
			buildRules = (
			);
			dependencies = (
			);
			name = Homework__2;
			productName = Homework__2;
			productReference = B08454E42547E38500D56ABF /* Homework__2.app */;
			productType = "com.apple.product-type.application";
		};
/* End PBXNativeTarget section */

/* Begin PBXProject section */
		B08454DC2547E38400D56ABF /* Project object */ = {
			isa = PBXProject;
			attributes = {
				LastSwiftUpdateCheck = 1200;
				LastUpgradeCheck = 1200;
				TargetAttributes = {
					B08454E32547E38500D56ABF = {
						CreatedOnToolsVersion = 12.0;
					};
				};
			};
			buildConfigurationList = B08454DF2547E38400D56ABF /* Build configuration list for PBXProject "Homework__2" */;
			compatibilityVersion = "Xcode 9.3";
			developmentRegion = en;
			hasScannedForEncodings = 0;
			knownRegions = (
				en,
				Base,
			);
			mainGroup = B08454DB2547E38400D56ABF;
			productRefGroup = B08454E52547E38500D56ABF /* Products */;
			projectDirPath = "";
			projectRoot = "";
			targets = (
				B08454E32547E38500D56ABF /* Homework__2 */,
			);
		};
/* End PBXProject section */

/* Begin PBXResourcesBuildPhase section */
		B08454E22547E38500D56ABF /* Resources */ = {
			isa = PBXResourcesBuildPhase;
			buildActionMask = 2147483647;
			files = (
				B08454F42547E38A00D56ABF /* LaunchScreen.storyboard in Resources */,
				B08454F12547E38A00D56ABF /* Assets.xcassets in Resources */,
				B08454EF2547E38500D56ABF /* Main.storyboard in Resources */,
			);
			runOnlyForDeploymentPostprocessing = 0;
		};
/* End PBXResourcesBuildPhase section */

/* Begin PBXSourcesBuildPhase section */
		B08454E02547E38500D56ABF /* Sources */ = {
			isa = PBXSourcesBuildPhase;
			buildActionMask = 2147483647;
			files = (
				B08454EC2547E38500D56ABF /* ViewController.swift in Sources */,
				B08454E82547E38500D56ABF /* AppDelegate.swift in Sources */,
				B08455012547E3FE00D56ABF /* SafeArrayModel.swift in Sources */,
				B08454EA2547E38500D56ABF /* SceneDelegate.swift in Sources */,
			);
			runOnlyForDeploymentPostprocessing = 0;
		};
/* End PBXSourcesBuildPhase section */

/* Begin PBXVariantGroup section */
		B08454ED2547E38500D56ABF /* Main.storyboard */ = {
			isa = PBXVariantGroup;
			children = (
				B08454EE2547E38500D56ABF /* Base */,
			);
			name = Main.storyboard;
			sourceTree = "<group>";
		};
		B08454F22547E38A00D56ABF /* LaunchScreen.storyboard */ = {
			isa = PBXVariantGroup;
			children = (
				B08454F32547E38A00D56ABF /* Base */,
			);
			name = LaunchScreen.storyboard;
			sourceTree = "<group>";
		};
/* End PBXVariantGroup section */

/* Begin XCBuildConfiguration section */
		B08454F62547E38A00D56ABF /* Debug */ = {
			isa = XCBuildConfiguration;
			buildSettings = {
				ALWAYS_SEARCH_USER_PATHS = NO;
				CLANG_ANALYZER_NONNULL = YES;
				CLANG_ANALYZER_NUMBER_OBJECT_CONVERSION = YES_AGGRESSIVE;
				CLANG_CXX_LANGUAGE_STANDARD = "gnu++14";
				CLANG_CXX_LIBRARY = "libc++";
				CLANG_ENABLE_MODULES = YES;
				CLANG_ENABLE_OBJC_ARC = YES;
				CLANG_ENABLE_OBJC_WEAK = YES;
				CLANG_WARN_BLOCK_CAPTURE_AUTORELEASING = YES;
				CLANG_WARN_BOOL_CONVERSION = YES;
				CLANG_WARN_COMMA = YES;
				CLANG_WARN_CONSTANT_CONVERSION = YES;
				CLANG_WARN_DEPRECATED_OBJC_IMPLEMENTATIONS = YES;
				CLANG_WARN_DIRECT_OBJC_ISA_USAGE = YES_ERROR;
				CLANG_WARN_DOCUMENTATION_COMMENTS = YES;
				CLANG_WARN_EMPTY_BODY = YES;
				CLANG_WARN_ENUM_CONVERSION = YES;
				CLANG_WARN_INFINITE_RECURSION = YES;
				CLANG_WARN_INT_CONVERSION = YES;
				CLANG_WARN_NON_LITERAL_NULL_CONVERSION = YES;
				CLANG_WARN_OBJC_IMPLICIT_RETAIN_SELF = YES;
				CLANG_WARN_OBJC_LITERAL_CONVERSION = YES;
				CLANG_WARN_OBJC_ROOT_CLASS = YES_ERROR;
				CLANG_WARN_QUOTED_INCLUDE_IN_FRAMEWORK_HEADER = YES;
				CLANG_WARN_RANGE_LOOP_ANALYSIS = YES;
				CLANG_WARN_STRICT_PROTOTYPES = YES;
				CLANG_WARN_SUSPICIOUS_MOVE = YES;
				CLANG_WARN_UNGUARDED_AVAILABILITY = YES_AGGRESSIVE;
				CLANG_WARN_UNREACHABLE_CODE = YES;
				CLANG_WARN__DUPLICATE_METHOD_MATCH = YES;
				COPY_PHASE_STRIP = NO;
				DEBUG_INFORMATION_FORMAT = dwarf;
				ENABLE_STRICT_OBJC_MSGSEND = YES;
				ENABLE_TESTABILITY = YES;
				GCC_C_LANGUAGE_STANDARD = gnu11;
				GCC_DYNAMIC_NO_PIC = NO;
				GCC_NO_COMMON_BLOCKS = YES;
				GCC_OPTIMIZATION_LEVEL = 0;
				GCC_PREPROCESSOR_DEFINITIONS = (
					"DEBUG=1",
					"$(inherited)",
				);
				GCC_WARN_64_TO_32_BIT_CONVERSION = YES;
				GCC_WARN_ABOUT_RETURN_TYPE = YES_ERROR;
				GCC_WARN_UNDECLARED_SELECTOR = YES;
				GCC_WARN_UNINITIALIZED_AUTOS = YES_AGGRESSIVE;
				GCC_WARN_UNUSED_FUNCTION = YES;
				GCC_WARN_UNUSED_VARIABLE = YES;
				IPHONEOS_DEPLOYMENT_TARGET = 14.0;
				MTL_ENABLE_DEBUG_INFO = INCLUDE_SOURCE;
				MTL_FAST_MATH = YES;
				ONLY_ACTIVE_ARCH = YES;
				SDKROOT = iphoneos;
				SWIFT_ACTIVE_COMPILATION_CONDITIONS = DEBUG;
				SWIFT_OPTIMIZATION_LEVEL = "-Onone";
			};
			name = Debug;
		};
		B08454F72547E38A00D56ABF /* Release */ = {
			isa = XCBuildConfiguration;
			buildSettings = {
				ALWAYS_SEARCH_USER_PATHS = NO;
				CLANG_ANALYZER_NONNULL = YES;
				CLANG_ANALYZER_NUMBER_OBJECT_CONVERSION = YES_AGGRESSIVE;
				CLANG_CXX_LANGUAGE_STANDARD = "gnu++14";
				CLANG_CXX_LIBRARY = "libc++";
				CLANG_ENABLE_MODULES = YES;
				CLANG_ENABLE_OBJC_ARC = YES;
				CLANG_ENABLE_OBJC_WEAK = YES;
				CLANG_WARN_BLOCK_CAPTURE_AUTORELEASING = YES;
				CLANG_WARN_BOOL_CONVERSION = YES;
				CLANG_WARN_COMMA = YES;
				CLANG_WARN_CONSTANT_CONVERSION = YES;
				CLANG_WARN_DEPRECATED_OBJC_IMPLEMENTATIONS = YES;
				CLANG_WARN_DIRECT_OBJC_ISA_USAGE = YES_ERROR;
				CLANG_WARN_DOCUMENTATION_COMMENTS = YES;
				CLANG_WARN_EMPTY_BODY = YES;
				CLANG_WARN_ENUM_CONVERSION = YES;
				CLANG_WARN_INFINITE_RECURSION = YES;
				CLANG_WARN_INT_CONVERSION = YES;
				CLANG_WARN_NON_LITERAL_NULL_CONVERSION = YES;
				CLANG_WARN_OBJC_IMPLICIT_RETAIN_SELF = YES;
				CLANG_WARN_OBJC_LITERAL_CONVERSION = YES;
				CLANG_WARN_OBJC_ROOT_CLASS = YES_ERROR;
				CLANG_WARN_QUOTED_INCLUDE_IN_FRAMEWORK_HEADER = YES;
				CLANG_WARN_RANGE_LOOP_ANALYSIS = YES;
				CLANG_WARN_STRICT_PROTOTYPES = YES;
				CLANG_WARN_SUSPICIOUS_MOVE = YES;
				CLANG_WARN_UNGUARDED_AVAILABILITY = YES_AGGRESSIVE;
				CLANG_WARN_UNREACHABLE_CODE = YES;
				CLANG_WARN__DUPLICATE_METHOD_MATCH = YES;
				COPY_PHASE_STRIP = NO;
				DEBUG_INFORMATION_FORMAT = "dwarf-with-dsym";
				ENABLE_NS_ASSERTIONS = NO;
				ENABLE_STRICT_OBJC_MSGSEND = YES;
				GCC_C_LANGUAGE_STANDARD = gnu11;
				GCC_NO_COMMON_BLOCKS = YES;
				GCC_WARN_64_TO_32_BIT_CONVERSION = YES;
				GCC_WARN_ABOUT_RETURN_TYPE = YES_ERROR;
				GCC_WARN_UNDECLARED_SELECTOR = YES;
				GCC_WARN_UNINITIALIZED_AUTOS = YES_AGGRESSIVE;
				GCC_WARN_UNUSED_FUNCTION = YES;
				GCC_WARN_UNUSED_VARIABLE = YES;
				IPHONEOS_DEPLOYMENT_TARGET = 14.0;
				MTL_ENABLE_DEBUG_INFO = NO;
				MTL_FAST_MATH = YES;
				SDKROOT = iphoneos;
				SWIFT_COMPILATION_MODE = wholemodule;
				SWIFT_OPTIMIZATION_LEVEL = "-O";
				VALIDATE_PRODUCT = YES;
			};
			name = Release;
		};
		B08454F92547E38A00D56ABF /* Debug */ = {
			isa = XCBuildConfiguration;
			buildSettings = {
				ASSETCATALOG_COMPILER_APPICON_NAME = AppIcon;
				ASSETCATALOG_COMPILER_GLOBAL_ACCENT_COLOR_NAME = AccentColor;
				CODE_SIGN_STYLE = Automatic;
				INFOPLIST_FILE = Homework__2/Info.plist;
				LD_RUNPATH_SEARCH_PATHS = (
					"$(inherited)",
					"@executable_path/Frameworks",
				);
				PRODUCT_BUNDLE_IDENTIFIER = "Maxim.Homework--2";
				PRODUCT_NAME = "$(TARGET_NAME)";
				SWIFT_VERSION = 5.0;
				TARGETED_DEVICE_FAMILY = "1,2";
			};
			name = Debug;
		};
		B08454FA2547E38A00D56ABF /* Release */ = {
			isa = XCBuildConfiguration;
			buildSettings = {
				ASSETCATALOG_COMPILER_APPICON_NAME = AppIcon;
				ASSETCATALOG_COMPILER_GLOBAL_ACCENT_COLOR_NAME = AccentColor;
				CODE_SIGN_STYLE = Automatic;
				INFOPLIST_FILE = Homework__2/Info.plist;
				LD_RUNPATH_SEARCH_PATHS = (
					"$(inherited)",
					"@executable_path/Frameworks",
				);
				PRODUCT_BUNDLE_IDENTIFIER = "Maxim.Homework--2";
				PRODUCT_NAME = "$(TARGET_NAME)";
				SWIFT_VERSION = 5.0;
				TARGETED_DEVICE_FAMILY = "1,2";
			};
			name = Release;
		};
/* End XCBuildConfiguration section */

/* Begin XCConfigurationList section */
		B08454DF2547E38400D56ABF /* Build configuration list for PBXProject "Homework__2" */ = {
			isa = XCConfigurationList;
			buildConfigurations = (
				B08454F62547E38A00D56ABF /* Debug */,
				B08454F72547E38A00D56ABF /* Release */,
			);
			defaultConfigurationIsVisible = 0;
			defaultConfigurationName = Release;
		};
		B08454F82547E38A00D56ABF /* Build configuration list for PBXNativeTarget "Homework__2" */ = {
			isa = XCConfigurationList;
			buildConfigurations = (
				B08454F92547E38A00D56ABF /* Debug */,
				B08454FA2547E38A00D56ABF /* Release */,
			);
			defaultConfigurationIsVisible = 0;
			defaultConfigurationName = Release;
		};
/* End XCConfigurationList section */
	};
	rootObject = B08454DC2547E38400D56ABF /* Project object */;
}
